{
  "name": "@maizzle/starter",
  "version": "0.1.0",
  "lockfileVersion": 1,
  "requires": true,
  "dependencies": {
    "lodash": {
      "version": "4.17.11",
      "resolved": "https://registry.npmjs.org/lodash/-/lodash-4.17.11.tgz",
      "integrity": "sha512-cQKh8igo5QUhZ7lg38DYWAxMvjSAKG0A8wGSVimP07SIUEK2UO+arSRKbRZWtelMtN5V0Hkwh5ryOto/SshYIg=="
    },
    "tailwindcss-gradients": {
      "version": "1.1.0",
      "resolved": "https://registry.npmjs.org/tailwindcss-gradients/-/tailwindcss-gradients-1.1.0.tgz",
      "integrity": "sha512-BCfLJ/iEMOvxiqIgv8euBJAH/HudM8MLhN0xoftdoFMw0412LF01iD6VSlqz+UWnLfoxDToH+eX7vSikksiLMw==",
      "requires": {
        "lodash": "^4.17.10"
      }
    }
  }
}
